
Microsoft Visual Studio Solution File, Format Version 12.00
# Visual Studio 15
VisualStudioVersion = 15.0.28010.2046
MinimumVisualStudioVersion = 10.0.40219.1
Project("{8BC9CEB8-8B4A-11D0-8D11-00A0C91BC942}") = "buy_Pencil", "buy_Pencil\buy_Pencil.vcxproj", "{7888A951-D5C3-4759-9E79-6C3A4249E421}"
EndProject
Project("{8BC9CEB8-8B4A-11D0-8D11-00A0C91BC942}") = "HappyJinJin", "HappyJinJin\HappyJinJin.vcxproj", "{2ADEE07B-1E81-4CD0-B11A-7F7954F796FD}"
EndProject
Project("{8BC9CEB8-8B4A-11D0-8D11-00A0C91BC942}") = "JinJin_saving", "JinJin_saving\JinJin_saving.vcxproj", "{4181E4A1-9ABF-4D3C-8B89-DC3F58BFD941}"
EndProject
Project("{8BC9CEB8-8B4A-11D0-8D11-00A0C91BC942}") = "Super_Marie", "Super_Marie\Super_Marie.vcxproj", "{83A524A2-AA91-4E8F-9A29-8F0D7FFBFBC3}"
EndProject
Project("{8BC9CEB8-8B4A-11D0-8D11-00A0C91BC942}") = "three_Shot", "three_Shot\three_Shot.vcxproj", "{58497869-B3BC-4C0D-A989-AEFAD4796BCE}"
EndProject
Project("{8BC9CEB8-8B4A-11D0-8D11-00A0C91BC942}") = "级数求和", "级数求和\级数求和.vcxproj", "{75500AF7-E425-40A9-BAB8-7EB07A73E1C2}"
EndProject
Project("{8BC9CEB8-8B4A-11D0-8D11-00A0C91BC942}") = "二进制反转", "二进制反转\二进制反转.vcxproj", "{79C0CB64-215D-4CAB-84BA-DE9C9D190430}"
EndProject
Project("{8BC9CEB8-8B4A-11D0-8D11-00A0C91BC942}") = "字母矩阵", "字母矩阵\字母矩阵.vcxproj", "{8A1A8BE4-172E-4F11-938C-370931E462E4}"
EndProject
Project("{8BC9CEB8-8B4A-11D0-8D11-00A0C91BC942}") = "蒙特卡洛法", "蒙特卡洛法\蒙特卡洛法.vcxproj", "{194A450A-99D4-47E4-A272-3F96E06B061D}"
EndProject
Project("{8BC9CEB8-8B4A-11D0-8D11-00A0C91BC942}") = "果矩拼盘2", "果矩拼盘2\果矩拼盘2.vcxproj", "{64F49ED6-8D99-420D-B6EC-FB9FD16BE0E7}"
EndProject
Project("{8BC9CEB8-8B4A-11D0-8D11-00A0C91BC942}") = "hank_SSA", "hank_SSA\hank_SSA.vcxproj", "{DA6267AA-FE2E-4B90-830D-0EFDD264878E}"
EndProject
Project("{8BC9CEB8-8B4A-11D0-8D11-00A0C91BC942}") = "小玉在游泳", "小玉在游泳\小玉在游泳.vcxproj", "{876CC654-C058-42EC-BDE4-8E7A510E94D1}"
EndProject
Project("{8BC9CEB8-8B4A-11D0-8D11-00A0C91BC942}") = "小鱼的航程（改进版）", "小鱼的航程（改进版）\小鱼的航程（改进版）.vcxproj", "{7A5B8EBA-8274-4A99-A54E-4EE03F55A96D}"
EndProject
Project("{8BC9CEB8-8B4A-11D0-8D11-00A0C91BC942}") = "计数问题", "计数问题\计数问题.vcxproj", "{48157212-2B32-4A06-9293-317B7496D44A}"
EndProject
Global
	GlobalSection(SolutionConfigurationPlatforms) = preSolution
		Debug|x64 = Debug|x64
		Debug|x86 = Debug|x86
		Release|x64 = Release|x64
		Release|x86 = Release|x86
	EndGlobalSection
	GlobalSection(ProjectConfigurationPlatforms) = postSolution
		{7888A951-D5C3-4759-9E79-6C3A4249E421}.Debug|x64.ActiveCfg = Debug|x64
		{7888A951-D5C3-4759-9E79-6C3A4249E421}.Debug|x64.Build.0 = Debug|x64
		{7888A951-D5C3-4759-9E79-6C3A4249E421}.Debug|x86.ActiveCfg = Debug|Win32
		{7888A951-D5C3-4759-9E79-6C3A4249E421}.Debug|x86.Build.0 = Debug|Win32
		{7888A951-D5C3-4759-9E79-6C3A4249E421}.Release|x64.ActiveCfg = Release|x64
		{7888A951-D5C3-4759-9E79-6C3A4249E421}.Release|x64.Build.0 = Release|x64
		{7888A951-D5C3-4759-9E79-6C3A4249E421}.Release|x86.ActiveCfg = Release|Win32
		{7888A951-D5C3-4759-9E79-6C3A4249E421}.Release|x86.Build.0 = Release|Win32
		{2ADEE07B-1E81-4CD0-B11A-7F7954F796FD}.Debug|x64.ActiveCfg = Debug|x64
		{2ADEE07B-1E81-4CD0-B11A-7F7954F796FD}.Debug|x64.Build.0 = Debug|x64
		{2ADEE07B-1E81-4CD0-B11A-7F7954F796FD}.Debug|x86.ActiveCfg = Debug|Win32
		{2ADEE07B-1E81-4CD0-B11A-7F7954F796FD}.Debug|x86.Build.0 = Debug|Win32
		{2ADEE07B-1E81-4CD0-B11A-7F7954F796FD}.Release|x64.ActiveCfg = Release|x64
		{2ADEE07B-1E81-4CD0-B11A-7F7954F796FD}.Release|x64.Build.0 = Release|x64
		{2ADEE07B-1E81-4CD0-B11A-7F7954F796FD}.Release|x86.ActiveCfg = Release|Win32
		{2ADEE07B-1E81-4CD0-B11A-7F7954F796FD}.Release|x86.Build.0 = Release|Win32
		{4181E4A1-9ABF-4D3C-8B89-DC3F58BFD941}.Debug|x64.ActiveCfg = Debug|x64
		{4181E4A1-9ABF-4D3C-8B89-DC3F58BFD941}.Debug|x64.Build.0 = Debug|x64
		{4181E4A1-9ABF-4D3C-8B89-DC3F58BFD941}.Debug|x86.ActiveCfg = Debug|Win32
		{4181E4A1-9ABF-4D3C-8B89-DC3F58BFD941}.Debug|x86.Build.0 = Debug|Win32
		{4181E4A1-9ABF-4D3C-8B89-DC3F58BFD941}.Release|x64.ActiveCfg = Release|x64
		{4181E4A1-9ABF-4D3C-8B89-DC3F58BFD941}.Release|x64.Build.0 = Release|x64
		{4181E4A1-9ABF-4D3C-8B89-DC3F58BFD941}.Release|x86.ActiveCfg = Release|Win32
		{4181E4A1-9ABF-4D3C-8B89-DC3F58BFD941}.Release|x86.Build.0 = Release|Win32
		{83A524A2-AA91-4E8F-9A29-8F0D7FFBFBC3}.Debug|x64.ActiveCfg = Debug|x64
		{83A524A2-AA91-4E8F-9A29-8F0D7FFBFBC3}.Debug|x64.Build.0 = Debug|x64
		{83A524A2-AA91-4E8F-9A29-8F0D7FFBFBC3}.Debug|x86.ActiveCfg = Debug|Win32
		{83A524A2-AA91-4E8F-9A29-8F0D7FFBFBC3}.Debug|x86.Build.0 = Debug|Win32
		{83A524A2-AA91-4E8F-9A29-8F0D7FFBFBC3}.Release|x64.ActiveCfg = Release|x64
		{83A524A2-AA91-4E8F-9A29-8F0D7FFBFBC3}.Release|x64.Build.0 = Release|x64
		{83A524A2-AA91-4E8F-9A29-8F0D7FFBFBC3}.Release|x86.ActiveCfg = Release|Win32
		{83A524A2-AA91-4E8F-9A29-8F0D7FFBFBC3}.Release|x86.Build.0 = Release|Win32
		{58497869-B3BC-4C0D-A989-AEFAD4796BCE}.Debug|x64.ActiveCfg = Debug|x64
		{58497869-B3BC-4C0D-A989-AEFAD4796BCE}.Debug|x64.Build.0 = Debug|x64
		{58497869-B3BC-4C0D-A989-AEFAD4796BCE}.Debug|x86.ActiveCfg = Debug|Win32
		{58497869-B3BC-4C0D-A989-AEFAD4796BCE}.Debug|x86.Build.0 = Debug|Win32
		{58497869-B3BC-4C0D-A989-AEFAD4796BCE}.Release|x64.ActiveCfg = Release|x64
		{58497869-B3BC-4C0D-A989-AEFAD4796BCE}.Release|x64.Build.0 = Release|x64
		{58497869-B3BC-4C0D-A989-AEFAD4796BCE}.Release|x86.ActiveCfg = Release|Win32
		{58497869-B3BC-4C0D-A989-AEFAD4796BCE}.Release|x86.Build.0 = Release|Win32
		{75500AF7-E425-40A9-BAB8-7EB07A73E1C2}.Debug|x64.ActiveCfg = Debug|x64
		{75500AF7-E425-40A9-BAB8-7EB07A73E1C2}.Debug|x64.Build.0 = Debug|x64
		{75500AF7-E425-40A9-BAB8-7EB07A73E1C2}.Debug|x86.ActiveCfg = Debug|Win32
		{75500AF7-E425-40A9-BAB8-7EB07A73E1C2}.Debug|x86.Build.0 = Debug|Win32
		{75500AF7-E425-40A9-BAB8-7EB07A73E1C2}.Release|x64.ActiveCfg = Release|x64
		{75500AF7-E425-40A9-BAB8-7EB07A73E1C2}.Release|x64.Build.0 = Release|x64
		{75500AF7-E425-40A9-BAB8-7EB07A73E1C2}.Release|x86.ActiveCfg = Release|Win32
		{75500AF7-E425-40A9-BAB8-7EB07A73E1C2}.Release|x86.Build.0 = Release|Win32
		{79C0CB64-215D-4CAB-84BA-DE9C9D190430}.Debug|x64.ActiveCfg = Debug|x64
		{79C0CB64-215D-4CAB-84BA-DE9C9D190430}.Debug|x64.Build.0 = Debug|x64
		{79C0CB64-215D-4CAB-84BA-DE9C9D190430}.Debug|x86.ActiveCfg = Debug|Win32
		{79C0CB64-215D-4CAB-84BA-DE9C9D190430}.Debug|x86.Build.0 = Debug|Win32
		{79C0CB64-215D-4CAB-84BA-DE9C9D190430}.Release|x64.ActiveCfg = Release|x64
		{79C0CB64-215D-4CAB-84BA-DE9C9D190430}.Release|x64.Build.0 = Release|x64
		{79C0CB64-215D-4CAB-84BA-DE9C9D190430}.Release|x86.ActiveCfg = Release|Win32
		{79C0CB64-215D-4CAB-84BA-DE9C9D190430}.Release|x86.Build.0 = Release|Win32
		{8A1A8BE4-172E-4F11-938C-370931E462E4}.Debug|x64.ActiveCfg = Debug|x64
		{8A1A8BE4-172E-4F11-938C-370931E462E4}.Debug|x64.Build.0 = Debug|x64
		{8A1A8BE4-172E-4F11-938C-370931E462E4}.Debug|x86.ActiveCfg = Debug|Win32
		{8A1A8BE4-172E-4F11-938C-370931E462E4}.Debug|x86.Build.0 = Debug|Win32
		{8A1A8BE4-172E-4F11-938C-370931E462E4}.Release|x64.ActiveCfg = Release|x64
		{8A1A8BE4-172E-4F11-938C-370931E462E4}.Release|x64.Build.0 = Release|x64
		{8A1A8BE4-172E-4F11-938C-370931E462E4}.Release|x86.ActiveCfg = Release|Win32
		{8A1A8BE4-172E-4F11-938C-370931E462E4}.Release|x86.Build.0 = Release|Win32
		{194A450A-99D4-47E4-A272-3F96E06B061D}.Debug|x64.ActiveCfg = Debug|x64
		{194A450A-99D4-47E4-A272-3F96E06B061D}.Debug|x64.Build.0 = Debug|x64
		{194A450A-99D4-47E4-A272-3F96E06B061D}.Debug|x86.ActiveCfg = Debug|Win32
		{194A450A-99D4-47E4-A272-3F96E06B061D}.Debug|x86.Build.0 = Debug|Win32
		{194A450A-99D4-47E4-A272-3F96E06B061D}.Release|x64.ActiveCfg = Release|x64
		{194A450A-99D4-47E4-A272-3F96E06B061D}.Release|x64.Build.0 = Release|x64
		{194A450A-99D4-47E4-A272-3F96E06B061D}.Release|x86.ActiveCfg = Release|Win32
		{194A450A-99D4-47E4-A272-3F96E06B061D}.Release|x86.Build.0 = Release|Win32
		{64F49ED6-8D99-420D-B6EC-FB9FD16BE0E7}.Debug|x64.ActiveCfg = Debug|x64
		{64F49ED6-8D99-420D-B6EC-FB9FD16BE0E7}.Debug|x64.Build.0 = Debug|x64
		{64F49ED6-8D99-420D-B6EC-FB9FD16BE0E7}.Debug|x86.ActiveCfg = Debug|Win32
		{64F49ED6-8D99-420D-B6EC-FB9FD16BE0E7}.Debug|x86.Build.0 = Debug|Win32
		{64F49ED6-8D99-420D-B6EC-FB9FD16BE0E7}.Release|x64.ActiveCfg = Release|x64
		{64F49ED6-8D99-420D-B6EC-FB9FD16BE0E7}.Release|x64.Build.0 = Release|x64
		{64F49ED6-8D99-420D-B6EC-FB9FD16BE0E7}.Release|x86.ActiveCfg = Release|Win32
		{64F49ED6-8D99-420D-B6EC-FB9FD16BE0E7}.Release|x86.Build.0 = Release|Win32
		{DA6267AA-FE2E-4B90-830D-0EFDD264878E}.Debug|x64.ActiveCfg = Debug|x64
		{DA6267AA-FE2E-4B90-830D-0EFDD264878E}.Debug|x64.Build.0 = Debug|x64
		{DA6267AA-FE2E-4B90-830D-0EFDD264878E}.Debug|x86.ActiveCfg = Debug|Win32
		{DA6267AA-FE2E-4B90-830D-0EFDD264878E}.Debug|x86.Build.0 = Debug|Win32
		{DA6267AA-FE2E-4B90-830D-0EFDD264878E}.Release|x64.ActiveCfg = Release|x64
		{DA6267AA-FE2E-4B90-830D-0EFDD264878E}.Release|x64.Build.0 = Release|x64
		{DA6267AA-FE2E-4B90-830D-0EFDD264878E}.Release|x86.ActiveCfg = Release|Win32
		{DA6267AA-FE2E-4B90-830D-0EFDD264878E}.Release|x86.Build.0 = Release|Win32
		{876CC654-C058-42EC-BDE4-8E7A510E94D1}.Debug|x64.ActiveCfg = Debug|x64
		{876CC654-C058-42EC-BDE4-8E7A510E94D1}.Debug|x64.Build.0 = Debug|x64
		{876CC654-C058-42EC-BDE4-8E7A510E94D1}.Debug|x86.ActiveCfg = Debug|Win32
		{876CC654-C058-42EC-BDE4-8E7A510E94D1}.Debug|x86.Build.0 = Debug|Win32
		{876CC654-C058-42EC-BDE4-8E7A510E94D1}.Release|x64.ActiveCfg = Release|x64
		{876CC654-C058-42EC-BDE4-8E7A510E94D1}.Release|x64.Build.0 = Release|x64
		{876CC654-C058-42EC-BDE4-8E7A510E94D1}.Release|x86.ActiveCfg = Release|Win32
		{876CC654-C058-42EC-BDE4-8E7A510E94D1}.Release|x86.Build.0 = Release|Win32
		{7A5B8EBA-8274-4A99-A54E-4EE03F55A96D}.Debug|x64.ActiveCfg = Debug|x64
		{7A5B8EBA-8274-4A99-A54E-4EE03F55A96D}.Debug|x64.Build.0 = Debug|x64
		{7A5B8EBA-8274-4A99-A54E-4EE03F55A96D}.Debug|x86.ActiveCfg = Debug|Win32
		{7A5B8EBA-8274-4A99-A54E-4EE03F55A96D}.Debug|x86.Build.0 = Debug|Win32
		{7A5B8EBA-8274-4A99-A54E-4EE03F55A96D}.Release|x64.ActiveCfg = Release|x64
		{7A5B8EBA-8274-4A99-A54E-4EE03F55A96D}.Release|x64.Build.0 = Release|x64
		{7A5B8EBA-8274-4A99-A54E-4EE03F55A96D}.Release|x86.ActiveCfg = Release|Win32
		{7A5B8EBA-8274-4A99-A54E-4EE03F55A96D}.Release|x86.Build.0 = Release|Win32
		{48157212-2B32-4A06-9293-317B7496D44A}.Debug|x64.ActiveCfg = Debug|x64
		{48157212-2B32-4A06-9293-317B7496D44A}.Debug|x64.Build.0 = Debug|x64
		{48157212-2B32-4A06-9293-317B7496D44A}.Debug|x86.ActiveCfg = Debug|Win32
		{48157212-2B32-4A06-9293-317B7496D44A}.Debug|x86.Build.0 = Debug|Win32
		{48157212-2B32-4A06-9293-317B7496D44A}.Release|x64.ActiveCfg = Release|x64
		{48157212-2B32-4A06-9293-317B7496D44A}.Release|x64.Build.0 = Release|x64
		{48157212-2B32-4A06-9293-317B7496D44A}.Release|x86.ActiveCfg = Release|Win32
		{48157212-2B32-4A06-9293-317B7496D44A}.Release|x86.Build.0 = Release|Win32
	EndGlobalSection
	GlobalSection(SolutionProperties) = preSolution
		HideSolutionNode = FALSE
	EndGlobalSection
	GlobalSection(ExtensibilityGlobals) = postSolution
		SolutionGuid = {4F1F95CE-A059-4564-860C-A3B5432F0209}
	EndGlobalSection
EndGlobal
